{
  "nodes": {
    "arion": {
      "inputs": {
        "flake-parts": "flake-parts",
        "haskell-flake": "haskell-flake",
        "hercules-ci-effects": "hercules-ci-effects",
        "nixpkgs": "nixpkgs"
      },
      "locked": {
        "lastModified": 1720147808,
        "narHash": "sha256-hlWEQGUbIwYb+vnd8egzlW/P++yKu3HjV/rOdOPVank=",
        "owner": "hercules-ci",
        "repo": "arion",
        "rev": "236f9dd82d6ef6a2d9987c7a7df3e75f1bc8b318",
        "type": "github"
      },
      "original": {
        "owner": "hercules-ci",
        "repo": "arion",
        "type": "github"
      }
    },
    "flake-parts": {
      "inputs": {
        "nixpkgs-lib": [
          "arion",
          "nixpkgs"
        ]
      },
      "locked": {
        "lastModified": 1719994518,
        "narHash": "sha256-pQMhCCHyQGRzdfAkdJ4cIWiw+JNuWsTX7f0ZYSyz0VY=",
        "owner": "hercules-ci",
        "repo": "flake-parts",
        "rev": "9227223f6d922fee3c7b190b2cc238a99527bbb7",
        "type": "github"
      },
      "original": {
        "owner": "hercules-ci",
        "repo": "flake-parts",
        "type": "github"
      }
    },
    "flake-parts_2": {
      "inputs": {
        "nixpkgs-lib": [
          "arion",
          "hercules-ci-effects",
          "nixpkgs"
        ]
      },
      "locked": {
        "lastModified": 1712014858,
        "narHash": "sha256-sB4SWl2lX95bExY2gMFG5HIzvva5AVMJd4Igm+GpZNw=",
        "owner": "hercules-ci",
        "repo": "flake-parts",
        "rev": "9126214d0a59633752a136528f5f3b9aa8565b7d",
        "type": "github"
      },
      "original": {
        "id": "flake-parts",
        "type": "indirect"
      }
    },
    "haskell-flake": {
      "locked": {
        "lastModified": 1675296942,
        "narHash": "sha256-u1X1sblozi5qYEcLp1hxcyo8FfDHnRUVX3dJ/tW19jY=",
        "owner": "srid",
        "repo": "haskell-flake",
        "rev": "c2cafce9d57bfca41794dc3b99c593155006c71e",
        "type": "github"
      },
      "original": {
        "owner": "srid",
        "ref": "0.1.0",
        "repo": "haskell-flake",
        "type": "github"
      }
    },
    "hercules-ci-effects": {
      "inputs": {
        "flake-parts": "flake-parts_2",
        "nixpkgs": [
          "arion",
          "nixpkgs"
        ]
      },
      "locked": {
        "lastModified": 1719226092,
        "narHash": "sha256-YNkUMcCUCpnULp40g+svYsaH1RbSEj6s4WdZY/SHe38=",
        "owner": "hercules-ci",
        "repo": "hercules-ci-effects",
        "rev": "11e4b8dc112e2f485d7c97e1cee77f9958f498f5",
        "type": "github"
      },
      "original": {
        "owner": "hercules-ci",
        "repo": "hercules-ci-effects",
        "type": "github"
      }
    },
    "home-manager": {
      "inputs": {
        "nixpkgs": [
          "nixpkgs"
        ]
      },
      "locked": {
        "lastModified": 1720042825,
        "narHash": "sha256-A0vrUB6x82/jvf17qPCpxaM+ulJnD8YZwH9Ci0BsAzE=",
        "owner": "nix-community",
        "repo": "home-manager",
        "rev": "e1391fb22e18a36f57e6999c7a9f966dc80ac073",
        "type": "github"
      },
      "original": {
        "owner": "nix-community",
        "ref": "release-24.05",
        "repo": "home-manager",
        "type": "github"
      }
    },
    "nixos-hardware": {
      "locked": {
        "lastModified": 1720515935,
        "narHash": "sha256-8b+fzR4W2hI5axwB+4nBwoA15awPKkck4ghhCt8v39M=",
        "owner": "NixOS",
        "repo": "nixos-hardware",
        "rev": "a111ce6b537df12a39874aa9672caa87f8677eda",
        "type": "github"
      },
      "original": {
        "owner": "NixOS",
        "ref": "master",
        "repo": "nixos-hardware",
        "type": "github"
      }
    },
    "nixpkgs": {
      "locked": {
        "lastModified": 1720031269,
        "narHash": "sha256-rwz8NJZV+387rnWpTYcXaRNvzUSnnF9aHONoJIYmiUQ=",
        "owner": "NixOS",
        "repo": "nixpkgs",
        "rev": "9f4128e00b0ae8ec65918efeba59db998750ead6",
        "type": "github"
      },
      "original": {
        "owner": "NixOS",
        "ref": "nixos-unstable",
        "repo": "nixpkgs",
        "type": "github"
      }
    },
    "nixpkgs-unstable": {
      "locked": {
        "lastModified": 1720529778,
        "narHash": "sha256-tTrckKhVBYKbkqxsLuQxnUtmk0vfNecnDLeP34ZBKfA=",
        "owner": "nixos",
        "repo": "nixpkgs",
        "rev": "e69a18d7ec092554148cabe33ab3a65e979501cb",
        "type": "github"
      },
      "original": {
        "owner": "nixos",
        "repo": "nixpkgs",
        "type": "github"
      }
    },
    "nixpkgs_2": {
      "locked": {
        "lastModified": 1717179513,
        "narHash": "sha256-vboIEwIQojofItm2xGCdZCzW96U85l9nDW3ifMuAIdM=",
        "owner": "nixos",
        "repo": "nixpkgs",
        "rev": "63dacb46bf939521bdc93981b4cbb7ecb58427a0",
        "type": "github"
      },
      "original": {
        "owner": "nixos",
        "ref": "24.05",
        "repo": "nixpkgs",
        "type": "github"
      }
    },
    "root": {
      "inputs": {
        "arion": "arion",
        "home-manager": "home-manager",
        "nixos-hardware": "nixos-hardware",
        "nixpkgs": "nixpkgs_2",
        "nixpkgs-unstable": "nixpkgs-unstable"
      }
    }
  },
  "root": "root",
  "version": 7
}
