{
  "name": "opencode-cli-nix",
  "version": "1.18.4",
  "lockfileVersion": 3,
  "requires": true,
  "packages": {
    "": {
      "name": "opencode-cli-nix",
      "version": "1.18.4",
      "dependencies": {
        "opencode-ai": "1.18.4"
      }
    },
    "node_modules/opencode-ai": {
      "version": "1.18.4",
      "resolved": "https://registry.npmjs.org/opencode-ai/-/opencode-ai-1.18.4.tgz",
      "integrity": "sha512-B8pFAs1g158ZU+C6eSiJz/5ZhG7Vr2mH7Z7ruYEHLElAlX9tehrRTnzTTgjSxHY2vwZ/5VplwR3odFU+Dai8jg==",
      "cpu": [
        "arm64",
        "x64"
      ],
      "hasInstallScript": true,
      "license": "MIT",
      "os": [
        "darwin",
        "linux",
        "win32"
      ],
      "bin": {
        "opencode": "bin/opencode.exe"
      },
      "optionalDependencies": {
        "opencode-darwin-arm64": "1.18.4",
        "opencode-darwin-x64": "1.18.4",
        "opencode-darwin-x64-baseline": "1.18.4",
        "opencode-linux-arm64": "1.18.4",
        "opencode-linux-arm64-musl": "1.18.4",
        "opencode-linux-x64": "1.18.4",
        "opencode-linux-x64-baseline": "1.18.4",
        "opencode-linux-x64-baseline-musl": "1.18.4",
        "opencode-linux-x64-musl": "1.18.4",
        "opencode-windows-arm64": "1.18.4",
        "opencode-windows-x64": "1.18.4",
        "opencode-windows-x64-baseline": "1.18.4"
      }
    },
    "node_modules/opencode-darwin-arm64": {
      "version": "1.18.4",
      "resolved": "https://registry.npmjs.org/opencode-darwin-arm64/-/opencode-darwin-arm64-1.18.4.tgz",
      "integrity": "sha512-/GdcUv3axBFYmpdCY3yMGRCBq3fwAJayflnn9stXtIHKuckc7ZaUYZmyudIUpmzkZP5W8XsAVMJomR4Rbr2+Ig==",
      "cpu": [
        "arm64"
      ],
      "optional": true,
      "os": [
        "darwin"
      ]
    },
    "node_modules/opencode-darwin-x64": {
      "version": "1.18.4",
      "resolved": "https://registry.npmjs.org/opencode-darwin-x64/-/opencode-darwin-x64-1.18.4.tgz",
      "integrity": "sha512-0i/AmdFw3CerwIggKqtaDlWDCBfSgzXT+KPSvks/Dx6l9NfYHihLnbV+vKbr0lwzco1lsDo4JHE4j/zz7JZUKQ==",
      "cpu": [
        "x64"
      ],
      "optional": true,
      "os": [
        "darwin"
      ]
    },
    "node_modules/opencode-darwin-x64-baseline": {
      "version": "1.18.4",
      "resolved": "https://registry.npmjs.org/opencode-darwin-x64-baseline/-/opencode-darwin-x64-baseline-1.18.4.tgz",
      "integrity": "sha512-1v/keJ/m+3UplGU2XdP5YfK25rTlGi7Kf5BVSV/ICObk6PiJWBAWOrB8bAQWDLhN/Tn7UfogBAgxaiRRfLPuEA==",
      "cpu": [
        "x64"
      ],
      "optional": true,
      "os": [
        "darwin"
      ]
    },
    "node_modules/opencode-linux-arm64": {
      "version": "1.18.4",
      "resolved": "https://registry.npmjs.org/opencode-linux-arm64/-/opencode-linux-arm64-1.18.4.tgz",
      "integrity": "sha512-3gBw9weE76jloNPGmPvzl3GJR8b6scwSAENxUKRdJ3WCkC7qcjJm49KFyfqFjO5++1H1Q2jbmqqxAgt5upqoMQ==",
      "cpu": [
        "arm64"
      ],
      "optional": true,
      "os": [
        "linux"
      ]
    },
    "node_modules/opencode-linux-arm64-musl": {
      "version": "1.18.4",
      "resolved": "https://registry.npmjs.org/opencode-linux-arm64-musl/-/opencode-linux-arm64-musl-1.18.4.tgz",
      "integrity": "sha512-kno1QJz+JoY1YqGlrxcwGKqOh2/OFKdQ4UGUCN5K2evQRIhd9EfB4JvZkjzLxTzglda8lpP+PJltjCA4DHJAJw==",
      "cpu": [
        "arm64"
      ],
      "optional": true,
      "os": [
        "linux"
      ]
    },
    "node_modules/opencode-linux-x64": {
      "version": "1.18.4",
      "resolved": "https://registry.npmjs.org/opencode-linux-x64/-/opencode-linux-x64-1.18.4.tgz",
      "integrity": "sha512-mCiZuKQBqRHVhtp20YFDfNf5cUwTt6/I98MFJQDJdDTWggnkAVOnitQTmSt2cQwoPJ94VrRwDhZyY3pIY3+CQg==",
      "cpu": [
        "x64"
      ],
      "optional": true,
      "os": [
        "linux"
      ]
    },
    "node_modules/opencode-linux-x64-baseline": {
      "version": "1.18.4",
      "resolved": "https://registry.npmjs.org/opencode-linux-x64-baseline/-/opencode-linux-x64-baseline-1.18.4.tgz",
      "integrity": "sha512-LlVIv54gpM8I6QJVAoW5uvcaVO4z+y5DswfUCsxgaD0CWgjEbULaiAAZIS/L+N5rRw/jHeqcHSXiKinFZt0xww==",
      "cpu": [
        "x64"
      ],
      "optional": true,
      "os": [
        "linux"
      ]
    },
    "node_modules/opencode-linux-x64-baseline-musl": {
      "version": "1.18.4",
      "resolved": "https://registry.npmjs.org/opencode-linux-x64-baseline-musl/-/opencode-linux-x64-baseline-musl-1.18.4.tgz",
      "integrity": "sha512-hM/uPMEuxLbwXueOmHsf3jjmfJ238/3r6FZMPumKVMR7jJHutp3ZWuOIL+ZzByxzsUK1f3RGbKaFULOMIieRSw==",
      "cpu": [
        "x64"
      ],
      "optional": true,
      "os": [
        "linux"
      ]
    },
    "node_modules/opencode-linux-x64-musl": {
      "version": "1.18.4",
      "resolved": "https://registry.npmjs.org/opencode-linux-x64-musl/-/opencode-linux-x64-musl-1.18.4.tgz",
      "integrity": "sha512-AlojHLyv7Cgn2g5Rj5QeHckEWyA20qdbEla2d1R9mXSaqlP6sX7izNti8Tzr/vMG53Uwmppyjb37uFB2fK+YTQ==",
      "cpu": [
        "x64"
      ],
      "optional": true,
      "os": [
        "linux"
      ]
    },
    "node_modules/opencode-windows-arm64": {
      "version": "1.18.4",
      "resolved": "https://registry.npmjs.org/opencode-windows-arm64/-/opencode-windows-arm64-1.18.4.tgz",
      "integrity": "sha512-B6m7N7ZPj/E6xx1ZaSjNW0gHTd0b3NTSf9mQiN3W89zji3oH9VOHLQdrP10rAd/2uZ5ZttxSkRqj/iwgAW+3TQ==",
      "cpu": [
        "arm64"
      ],
      "optional": true,
      "os": [
        "win32"
      ]
    },
    "node_modules/opencode-windows-x64": {
      "version": "1.18.4",
      "resolved": "https://registry.npmjs.org/opencode-windows-x64/-/opencode-windows-x64-1.18.4.tgz",
      "integrity": "sha512-TumOcMOvZ6vfs348LgGLK9eFEBLsh+wI/UXmQ8BhXW95YV1Wd26TutSzQi4L/wLftsDfl8Q6bKQ2trWtGBzBvQ==",
      "cpu": [
        "x64"
      ],
      "optional": true,
      "os": [
        "win32"
      ]
    },
    "node_modules/opencode-windows-x64-baseline": {
      "version": "1.18.4",
      "resolved": "https://registry.npmjs.org/opencode-windows-x64-baseline/-/opencode-windows-x64-baseline-1.18.4.tgz",
      "integrity": "sha512-4EpZ97uI50vVv9UT5sDeK3ff+sFzqmbBT4TNGkMF9uwNTKJYqoSVuOIZhIfLTLNlrEK2hd2/sf/4GQhIkM6iTw==",
      "cpu": [
        "x64"
      ],
      "optional": true,
      "os": [
        "win32"
      ]
    }
  }
}
